
Microsoft Visual Studio Solution File, Format Version 12.00
# Visual Studio 15
VisualStudioVersion = 15.0.28307.136
MinimumVisualStudioVersion = 10.0.40219.1
Project("{FAE04EC0-301F-11D3-BF4B-00C04F79EFBC}") = "QuanLyBanHang", "QuanLyBanHang\QuanLyBanHang.csproj", "{CC9E9F0B-E4B1-4908-946B-C390922B5350}"
EndProject
Project("{54435603-DBB4-11D2-8724-00A0C9A8B90C}") = "Setup", "Setup\Setup.vdproj", "{B6CC0E2C-58C4-4D44-A53A-3F49B032668B}"
EndProject
Global
	GlobalSection(SolutionConfigurationPlatforms) = preSolution
		Debug|Any CPU = Debug|Any CPU
		Release|Any CPU = Release|Any CPU
	EndGlobalSection
	GlobalSection(ProjectConfigurationPlatforms) = postSolution
		{CC9E9F0B-E4B1-4908-946B-C390922B5350}.Debug|Any CPU.ActiveCfg = Debug|Any CPU
		{CC9E9F0B-E4B1-4908-946B-C390922B5350}.Debug|Any CPU.Build.0 = Debug|Any CPU
		{CC9E9F0B-E4B1-4908-946B-C390922B5350}.Release|Any CPU.ActiveCfg = Release|Any CPU
		{CC9E9F0B-E4B1-4908-946B-C390922B5350}.Release|Any CPU.Build.0 = Release|Any CPU
		{B6CC0E2C-58C4-4D44-A53A-3F49B032668B}.Debug|Any CPU.ActiveCfg = Debug
		{B6CC0E2C-58C4-4D44-A53A-3F49B032668B}.Release|Any CPU.ActiveCfg = Release
	EndGlobalSection
	GlobalSection(SolutionProperties) = preSolution
		HideSolutionNode = FALSE
	EndGlobalSection
	GlobalSection(ExtensibilityGlobals) = postSolution
		SolutionGuid = {3D907A25-98AA-4891-B7EA-DD5E6D89667A}
	EndGlobalSection
EndGlobal
